
Microsoft Visual Studio Solution File, Format Version 12.00
# Visual Studio Version 16
VisualStudioVersion = 16.0.32602.291
MinimumVisualStudioVersion = 10.0.40219.1
Project("{8BC9CEB8-8B4A-11D0-8D11-00A0C91BC942}") = "1- Class for Complex Numbers", "1- Class for Complex Numbers\1- Class for Complex Numbers.vcxproj", "{286129F1-DD79-4DDF-BD9E-B733FFBF58DF}"
EndProject
Project("{8BC9CEB8-8B4A-11D0-8D11-00A0C91BC942}") = "2- Class Vector", "2- Class Vector\2- Class Vector.vcxproj", "{BDF17D4A-3909-4679-9112-69EB905416C4}"
EndProject
Project("{8BC9CEB8-8B4A-11D0-8D11-00A0C91BC942}") = "3- Class Animal", "3- Class Animal\3- Class Animal.vcxproj", "{63F86D71-B9A8-49F7-A2D8-A62E33F2ECB1}"
EndProject
Project("{8BC9CEB8-8B4A-11D0-8D11-00A0C91BC942}") = "4- Class Fractions", "4- Class Fractions\4- Class Fractions.vcxproj", "{8418FB03-F17C-4B57-B9E0-518606817BC8}"
EndProject
Global
	GlobalSection(SolutionConfigurationPlatforms) = preSolution
		Debug|x64 = Debug|x64
		Debug|x86 = Debug|x86
		Release|x64 = Release|x64
		Release|x86 = Release|x86
	EndGlobalSection
	GlobalSection(ProjectConfigurationPlatforms) = postSolution
		{286129F1-DD79-4DDF-BD9E-B733FFBF58DF}.Debug|x64.ActiveCfg = Debug|x64
		{286129F1-DD79-4DDF-BD9E-B733FFBF58DF}.Debug|x64.Build.0 = Debug|x64
		{286129F1-DD79-4DDF-BD9E-B733FFBF58DF}.Debug|x86.ActiveCfg = Debug|Win32
		{286129F1-DD79-4DDF-BD9E-B733FFBF58DF}.Debug|x86.Build.0 = Debug|Win32
		{286129F1-DD79-4DDF-BD9E-B733FFBF58DF}.Release|x64.ActiveCfg = Release|x64
		{286129F1-DD79-4DDF-BD9E-B733FFBF58DF}.Release|x64.Build.0 = Release|x64
		{286129F1-DD79-4DDF-BD9E-B733FFBF58DF}.Release|x86.ActiveCfg = Release|Win32
		{286129F1-DD79-4DDF-BD9E-B733FFBF58DF}.Release|x86.Build.0 = Release|Win32
		{BDF17D4A-3909-4679-9112-69EB905416C4}.Debug|x64.ActiveCfg = Debug|x64
		{BDF17D4A-3909-4679-9112-69EB905416C4}.Debug|x64.Build.0 = Debug|x64
		{BDF17D4A-3909-4679-9112-69EB905416C4}.Debug|x86.ActiveCfg = Debug|Win32
		{BDF17D4A-3909-4679-9112-69EB905416C4}.Debug|x86.Build.0 = Debug|Win32
		{BDF17D4A-3909-4679-9112-69EB905416C4}.Release|x64.ActiveCfg = Release|x64
		{BDF17D4A-3909-4679-9112-69EB905416C4}.Release|x64.Build.0 = Release|x64
		{BDF17D4A-3909-4679-9112-69EB905416C4}.Release|x86.ActiveCfg = Release|Win32
		{BDF17D4A-3909-4679-9112-69EB905416C4}.Release|x86.Build.0 = Release|Win32
		{63F86D71-B9A8-49F7-A2D8-A62E33F2ECB1}.Debug|x64.ActiveCfg = Debug|x64
		{63F86D71-B9A8-49F7-A2D8-A62E33F2ECB1}.Debug|x64.Build.0 = Debug|x64
		{63F86D71-B9A8-49F7-A2D8-A62E33F2ECB1}.Debug|x86.ActiveCfg = Debug|Win32
		{63F86D71-B9A8-49F7-A2D8-A62E33F2ECB1}.Debug|x86.Build.0 = Debug|Win32
		{63F86D71-B9A8-49F7-A2D8-A62E33F2ECB1}.Release|x64.ActiveCfg = Release|x64
		{63F86D71-B9A8-49F7-A2D8-A62E33F2ECB1}.Release|x64.Build.0 = Release|x64
		{63F86D71-B9A8-49F7-A2D8-A62E33F2ECB1}.Release|x86.ActiveCfg = Release|Win32
		{63F86D71-B9A8-49F7-A2D8-A62E33F2ECB1}.Release|x86.Build.0 = Release|Win32
		{8418FB03-F17C-4B57-B9E0-518606817BC8}.Debug|x64.ActiveCfg = Debug|x64
		{8418FB03-F17C-4B57-B9E0-518606817BC8}.Debug|x64.Build.0 = Debug|x64
		{8418FB03-F17C-4B57-B9E0-518606817BC8}.Debug|x86.ActiveCfg = Debug|Win32
		{8418FB03-F17C-4B57-B9E0-518606817BC8}.Debug|x86.Build.0 = Debug|Win32
		{8418FB03-F17C-4B57-B9E0-518606817BC8}.Release|x64.ActiveCfg = Release|x64
		{8418FB03-F17C-4B57-B9E0-518606817BC8}.Release|x64.Build.0 = Release|x64
		{8418FB03-F17C-4B57-B9E0-518606817BC8}.Release|x86.ActiveCfg = Release|Win32
		{8418FB03-F17C-4B57-B9E0-518606817BC8}.Release|x86.Build.0 = Release|Win32
	EndGlobalSection
	GlobalSection(SolutionProperties) = preSolution
		HideSolutionNode = FALSE
	EndGlobalSection
	GlobalSection(ExtensibilityGlobals) = postSolution
		SolutionGuid = {61DD6237-929E-4703-BE79-32E2EEF57C0E}
	EndGlobalSection
EndGlobal
